<Solution>
  <Folder Name="/Solution Items/">
    <File Path=".gitignore" />
    <File Path="appveyor.yml" />
    <File Path="Directory.Build.props" />
    <File Path="NuGet.config" />
  </Folder>
  <Folder Name="/Tests/">
    <Project Path="Tests/CK.DB.User.UserGitHub.AuthScope.Tests/CK.DB.User.UserGitHub.AuthScope.Tests.csproj" />
    <Project Path="Tests/CK.DB.User.UserGitHub.RefreshToken.Tests/CK.DB.User.UserGitHub.RefreshToken.Tests.csproj" />
    <Project Path="Tests/CK.DB.User.UserGitHub.Tests/CK.DB.User.UserGitHub.Tests.csproj" />
  </Folder>
  <Project Path="CK.DB.User.UserGitHub.AuthScope/CK.DB.User.UserGitHub.AuthScope.csproj" />
  <Project Path="CK.DB.User.UserGitHub.RefreshToken/CK.DB.User.UserGitHub.RefreshToken.csproj" />
  <Project Path="CK.DB.User.UserGitHub/CK.DB.User.UserGitHub.csproj" />
</Solution>